
Microsoft Visual Studio Solution File, Format Version 12.00
# Visual Studio Version 16
VisualStudioVersion = 16.0.28922.388
MinimumVisualStudioVersion = 10.0.40219.1
Project("{FAE04EC0-301F-11D3-BF4B-00C04F79EFBC}") = "AutomationFramework", "AutomationFramework.csproj", "{9EF89164-CD89-422C-91DC-9946A2464CEF}"
EndProject
Global
	GlobalSection(SolutionConfigurationPlatforms) = preSolution
		Debug|Any CPU = Debug|Any CPU
		Release|Any CPU = Release|Any CPU
	EndGlobalSection
	GlobalSection(ProjectConfigurationPlatforms) = postSolution
		{9EF89164-CD89-422C-91DC-9946A2464CEF}.Debug|Any CPU.ActiveCfg = Debug|Any CPU
		{9EF89164-CD89-422C-91DC-9946A2464CEF}.Debug|Any CPU.Build.0 = Debug|Any CPU
		{9EF89164-CD89-422C-91DC-9946A2464CEF}.Release|Any CPU.ActiveCfg = Release|Any CPU
		{9EF89164-CD89-422C-91DC-9946A2464CEF}.Release|Any CPU.Build.0 = Release|Any CPU
	EndGlobalSection
	GlobalSection(SolutionProperties) = preSolution
		HideSolutionNode = FALSE
	EndGlobalSection
	GlobalSection(ExtensibilityGlobals) = postSolution
		SolutionGuid = {51B0845F-67C4-4A8E-8D60-C12EAD6B0E86}
	EndGlobalSection
EndGlobal
